
Microsoft Visual Studio Solution File, Format Version 12.00
# Visual Studio Version 17
VisualStudioVersion = 17.12.35209.166
MinimumVisualStudioVersion = 10.0.40219.1
Project("{FAE04EC0-301F-11D3-BF4B-00C04F79EFBC}") = "GhostCursor", "src\GhostCursor\GhostCursor.csproj", "{40F3DE13-536D-40D1-9C87-274D410C6A36}"
EndProject
Project("{FAE04EC0-301F-11D3-BF4B-00C04F79EFBC}") = "GhostCursor.CefSharp", "src\GhostCursor.CefSharp\GhostCursor.CefSharp.csproj", "{54BEC2FB-0157-4083-8ACD-FFCEC33AFFC0}"
EndProject
Project("{2150E333-8FDC-42A3-9474-1A3956D46DE8}") = "Sandbox", "Sandbox", "{404BB556-6F52-4AAA-AC59-B0FCEF70EE3F}"
EndProject
Project("{FAE04EC0-301F-11D3-BF4B-00C04F79EFBC}") = "Sandbox.CefSharp", "tests\Sandbox.CefSharp\Sandbox.CefSharp.csproj", "{953B3B5C-C23B-48EF-90B9-03B9369A565E}"
EndProject
Project("{FAE04EC0-301F-11D3-BF4B-00C04F79EFBC}") = "GhostCursor.CefSharp.WinForms", "src\GhostCursor.CefSharp.WinForms\GhostCursor.CefSharp.WinForms.csproj", "{12667B05-5DF9-452C-A7AE-8FA9285BB701}"
EndProject
Project("{FAE04EC0-301F-11D3-BF4B-00C04F79EFBC}") = "GhostCursor.CefSharp.NETCore", "src\GhostCursor.CefSharp\GhostCursor.CefSharp.NETCore.csproj", "{9A945C56-5679-4096-90E0-F01BEDB132B6}"
EndProject
Project("{FAE04EC0-301F-11D3-BF4B-00C04F79EFBC}") = "GhostCursor.CefSharp.WinForms.NETCore", "src\GhostCursor.CefSharp.WinForms\GhostCursor.CefSharp.WinForms.NETCore.csproj", "{3CCE1045-702C-419E-89A3-221E0003AD62}"
EndProject
Project("{FAE04EC0-301F-11D3-BF4B-00C04F79EFBC}") = "GhostCursor.PuppeteerSharp", "src\GhostCursor.PuppeteerSharp\GhostCursor.PuppeteerSharp.csproj", "{51B75C08-2688-4C34-B3E9-FFD1A9AA28E6}"
EndProject
Project("{2150E333-8FDC-42A3-9474-1A3956D46DE8}") = "Tests", "Tests", "{9962DEC4-AD3B-4035-97A7-D5862685CD0B}"
EndProject
Project("{FAE04EC0-301F-11D3-BF4B-00C04F79EFBC}") = "GhostCursor.PuppeteerSharp.Tests", "tests\GhostCursor.PuppeteerSharp.Tests\GhostCursor.PuppeteerSharp.Tests.csproj", "{B01B7240-E2D3-42F1-85C4-09CD68FFC785}"
EndProject
Project("{FAE04EC0-301F-11D3-BF4B-00C04F79EFBC}") = "Sandbox.PuppeteerSharp", "tests\Sandbox.PuppeteerSharp\Sandbox.PuppeteerSharp.csproj", "{A6753EE3-CC21-493F-A3F4-067899E4043F}"
EndProject
Project("{FAE04EC0-301F-11D3-BF4B-00C04F79EFBC}") = "GhostCursor.Selenium", "src\GhostCursor.Selenium\GhostCursor.Selenium.csproj", "{6DE56129-BEF2-444F-A0AE-D3125634382F}"
EndProject
Project("{FAE04EC0-301F-11D3-BF4B-00C04F79EFBC}") = "Sandbox.Selenium", "tests\Sandbox.Selenium\Sandbox.Selenium.csproj", "{D2320553-2F3C-4930-8C4C-6448662FB075}"
EndProject
Global
	GlobalSection(SolutionConfigurationPlatforms) = preSolution
		Debug|Any CPU = Debug|Any CPU
		Release|Any CPU = Release|Any CPU
	EndGlobalSection
	GlobalSection(ProjectConfigurationPlatforms) = postSolution
		{40F3DE13-536D-40D1-9C87-274D410C6A36}.Debug|Any CPU.ActiveCfg = Debug|Any CPU
		{40F3DE13-536D-40D1-9C87-274D410C6A36}.Debug|Any CPU.Build.0 = Debug|Any CPU
		{40F3DE13-536D-40D1-9C87-274D410C6A36}.Release|Any CPU.ActiveCfg = Release|Any CPU
		{40F3DE13-536D-40D1-9C87-274D410C6A36}.Release|Any CPU.Build.0 = Release|Any CPU
		{54BEC2FB-0157-4083-8ACD-FFCEC33AFFC0}.Debug|Any CPU.ActiveCfg = Debug|Any CPU
		{54BEC2FB-0157-4083-8ACD-FFCEC33AFFC0}.Debug|Any CPU.Build.0 = Debug|Any CPU
		{54BEC2FB-0157-4083-8ACD-FFCEC33AFFC0}.Release|Any CPU.ActiveCfg = Release|Any CPU
		{54BEC2FB-0157-4083-8ACD-FFCEC33AFFC0}.Release|Any CPU.Build.0 = Release|Any CPU
		{953B3B5C-C23B-48EF-90B9-03B9369A565E}.Debug|Any CPU.ActiveCfg = Debug|x64
		{953B3B5C-C23B-48EF-90B9-03B9369A565E}.Debug|Any CPU.Build.0 = Debug|x64
		{953B3B5C-C23B-48EF-90B9-03B9369A565E}.Release|Any CPU.ActiveCfg = Release|Any CPU
		{953B3B5C-C23B-48EF-90B9-03B9369A565E}.Release|Any CPU.Build.0 = Release|Any CPU
		{12667B05-5DF9-452C-A7AE-8FA9285BB701}.Debug|Any CPU.ActiveCfg = Debug|Any CPU
		{12667B05-5DF9-452C-A7AE-8FA9285BB701}.Debug|Any CPU.Build.0 = Debug|Any CPU
		{12667B05-5DF9-452C-A7AE-8FA9285BB701}.Release|Any CPU.ActiveCfg = Release|Any CPU
		{12667B05-5DF9-452C-A7AE-8FA9285BB701}.Release|Any CPU.Build.0 = Release|Any CPU
		{9A945C56-5679-4096-90E0-F01BEDB132B6}.Debug|Any CPU.ActiveCfg = Debug|Any CPU
		{9A945C56-5679-4096-90E0-F01BEDB132B6}.Debug|Any CPU.Build.0 = Debug|Any CPU
		{9A945C56-5679-4096-90E0-F01BEDB132B6}.Release|Any CPU.ActiveCfg = Release|Any CPU
		{9A945C56-5679-4096-90E0-F01BEDB132B6}.Release|Any CPU.Build.0 = Release|Any CPU
		{3CCE1045-702C-419E-89A3-221E0003AD62}.Debug|Any CPU.ActiveCfg = Debug|Any CPU
		{3CCE1045-702C-419E-89A3-221E0003AD62}.Debug|Any CPU.Build.0 = Debug|Any CPU
		{3CCE1045-702C-419E-89A3-221E0003AD62}.Release|Any CPU.ActiveCfg = Release|Any CPU
		{3CCE1045-702C-419E-89A3-221E0003AD62}.Release|Any CPU.Build.0 = Release|Any CPU
		{51B75C08-2688-4C34-B3E9-FFD1A9AA28E6}.Debug|Any CPU.ActiveCfg = Debug|Any CPU
		{51B75C08-2688-4C34-B3E9-FFD1A9AA28E6}.Debug|Any CPU.Build.0 = Debug|Any CPU
		{51B75C08-2688-4C34-B3E9-FFD1A9AA28E6}.Release|Any CPU.ActiveCfg = Release|Any CPU
		{51B75C08-2688-4C34-B3E9-FFD1A9AA28E6}.Release|Any CPU.Build.0 = Release|Any CPU
		{B01B7240-E2D3-42F1-85C4-09CD68FFC785}.Debug|Any CPU.ActiveCfg = Debug|Any CPU
		{B01B7240-E2D3-42F1-85C4-09CD68FFC785}.Debug|Any CPU.Build.0 = Debug|Any CPU
		{B01B7240-E2D3-42F1-85C4-09CD68FFC785}.Release|Any CPU.ActiveCfg = Release|Any CPU
		{B01B7240-E2D3-42F1-85C4-09CD68FFC785}.Release|Any CPU.Build.0 = Release|Any CPU
		{A6753EE3-CC21-493F-A3F4-067899E4043F}.Debug|Any CPU.ActiveCfg = Debug|Any CPU
		{A6753EE3-CC21-493F-A3F4-067899E4043F}.Debug|Any CPU.Build.0 = Debug|Any CPU
		{A6753EE3-CC21-493F-A3F4-067899E4043F}.Release|Any CPU.ActiveCfg = Release|Any CPU
		{A6753EE3-CC21-493F-A3F4-067899E4043F}.Release|Any CPU.Build.0 = Release|Any CPU
		{6DE56129-BEF2-444F-A0AE-D3125634382F}.Debug|Any CPU.ActiveCfg = Debug|Any CPU
		{6DE56129-BEF2-444F-A0AE-D3125634382F}.Debug|Any CPU.Build.0 = Debug|Any CPU
		{6DE56129-BEF2-444F-A0AE-D3125634382F}.Release|Any CPU.ActiveCfg = Release|Any CPU
		{6DE56129-BEF2-444F-A0AE-D3125634382F}.Release|Any CPU.Build.0 = Release|Any CPU
		{D2320553-2F3C-4930-8C4C-6448662FB075}.Debug|Any CPU.ActiveCfg = Debug|Any CPU
		{D2320553-2F3C-4930-8C4C-6448662FB075}.Debug|Any CPU.Build.0 = Debug|Any CPU
		{D2320553-2F3C-4930-8C4C-6448662FB075}.Release|Any CPU.ActiveCfg = Release|Any CPU
		{D2320553-2F3C-4930-8C4C-6448662FB075}.Release|Any CPU.Build.0 = Release|Any CPU
	EndGlobalSection
	GlobalSection(SolutionProperties) = preSolution
		HideSolutionNode = FALSE
	EndGlobalSection
	GlobalSection(NestedProjects) = preSolution
		{953B3B5C-C23B-48EF-90B9-03B9369A565E} = {404BB556-6F52-4AAA-AC59-B0FCEF70EE3F}
		{B01B7240-E2D3-42F1-85C4-09CD68FFC785} = {9962DEC4-AD3B-4035-97A7-D5862685CD0B}
		{A6753EE3-CC21-493F-A3F4-067899E4043F} = {404BB556-6F52-4AAA-AC59-B0FCEF70EE3F}
		{D2320553-2F3C-4930-8C4C-6448662FB075} = {404BB556-6F52-4AAA-AC59-B0FCEF70EE3F}
	EndGlobalSection
EndGlobal
